# THIS IS AN AUTOGENERATED FILE. DO NOT EDIT THIS FILE DIRECTLY.
# yarn lockfile v1


"@github/webauthn-json@^2.1.1":
  version "2.1.1"
  resolved "https://registry.yarnpkg.com/@github/webauthn-json/-/webauthn-json-2.1.1.tgz#648e63fc28050917d2882cc2b27817a88cb420fc"
  integrity sha512-XrftRn4z75SnaJOmZQbt7Mk+IIjqVHw+glDGOxuHwXkZBZh/MBoRS7MHjSZMDaLhT4RjN2VqiEU7EOYleuJWSQ==
